// !$*UTF8*$!
{
	archiveVersion = 1;
	classes = {
	};
	objectVersion = 56;
	objects = {

/* Begin PBXBuildFile section */
		340469B02B56E3D400B63E00 /* BackBlogiOS2App.swift in Sources */ = {isa = PBXBuildFile; fileRef = 340469AF2B56E3D400B63E00 /* BackBlogiOS2App.swift */; };
		340469B22B56E3D400B63E00 /* ContentView.swift in Sources */ = {isa = PBXBuildFile; fileRef = 340469B12B56E3D400B63E00 /* ContentView.swift */; };
		340469B42B56E3D400B63E00 /* Assets.xcassets in Resources */ = {isa = PBXBuildFile; fileRef = 340469B32B56E3D400B63E00 /* Assets.xcassets */; };
		340469B72B56E3D400B63E00 /* Preview Assets.xcassets in Resources */ = {isa = PBXBuildFile; fileRef = 340469B62B56E3D400B63E00 /* Preview Assets.xcassets */; };
		340469B92B56E3D400B63E00 /* Persistence.swift in Sources */ = {isa = PBXBuildFile; fileRef = 340469B82B56E3D400B63E00 /* Persistence.swift */; };
		340469BC2B56E3D400B63E00 /* BackBlogiOS2.xcdatamodeld in Sources */ = {isa = PBXBuildFile; fileRef = 340469BA2B56E3D400B63E00 /* BackBlogiOS2.xcdatamodeld */; };
		34DC2BA82B57025E00C4B5B7 /* ExtensionUtility.swift in Sources */ = {isa = PBXBuildFile; fileRef = 34DC2BA72B57025E00C4B5B7 /* ExtensionUtility.swift */; };
/* End PBXBuildFile section */

/* Begin PBXFileReference section */
		340469AC2B56E3D400B63E00 /* BackBlogiOS2.app */ = {isa = PBXFileReference; explicitFileType = wrapper.application; includeInIndex = 0; path = BackBlogiOS2.app; sourceTree = BUILT_PRODUCTS_DIR; };
		340469AF2B56E3D400B63E00 /* BackBlogiOS2App.swift */ = {isa = PBXFileReference; lastKnownFileType = sourcecode.swift; path = BackBlogiOS2App.swift; sourceTree = "<group>"; };
		340469B12B56E3D400B63E00 /* ContentView.swift */ = {isa = PBXFileReference; lastKnownFileType = sourcecode.swift; path = ContentView.swift; sourceTree = "<group>"; };
		340469B32B56E3D400B63E00 /* Assets.xcassets */ = {isa = PBXFileReference; lastKnownFileType = folder.assetcatalog; path = Assets.xcassets; sourceTree = "<group>"; };
		340469B62B56E3D400B63E00 /* Preview Assets.xcassets */ = {isa = PBXFileReference; lastKnownFileType = folder.assetcatalog; path = "Preview Assets.xcassets"; sourceTree = "<group>"; };
		340469B82B56E3D400B63E00 /* Persistence.swift */ = {isa = PBXFileReference; lastKnownFileType = sourcecode.swift; path = Persistence.swift; sourceTree = "<group>"; };
		340469BB2B56E3D400B63E00 /* BackBlogiOS2.xcdatamodel */ = {isa = PBXFileReference; lastKnownFileType = wrapper.xcdatamodel; path = BackBlogiOS2.xcdatamodel; sourceTree = "<group>"; };
		34DC2BA72B57025E00C4B5B7 /* ExtensionUtility.swift */ = {isa = PBXFileReference; lastKnownFileType = sourcecode.swift; path = ExtensionUtility.swift; sourceTree = "<group>"; };
/* End PBXFileReference section */

/* Begin PBXFrameworksBuildPhase section */
		340469A92B56E3D400B63E00 /* Frameworks */ = {
			isa = PBXFrameworksBuildPhase;
			buildActionMask = 2147483647;
			files = (
			);
			runOnlyForDeploymentPostprocessing = 0;
		};
/* End PBXFrameworksBuildPhase section */

/* Begin PBXGroup section */
		340469A32B56E3D400B63E00 = {
			isa = PBXGroup;
			children = (
				340469AE2B56E3D400B63E00 /* BackBlogiOS2 */,
				340469AD2B56E3D400B63E00 /* Products */,
			);
			sourceTree = "<group>";
		};
		340469AD2B56E3D400B63E00 /* Products */ = {
			isa = PBXGroup;
			children = (
				340469AC2B56E3D400B63E00 /* BackBlogiOS2.app */,
			);
			name = Products;
			sourceTree = "<group>";
		};
		340469AE2B56E3D400B63E00 /* BackBlogiOS2 */ = {
			isa = PBXGroup;
			children = (
				34DC2BA72B57025E00C4B5B7 /* ExtensionUtility.swift */,
				340469AF2B56E3D400B63E00 /* BackBlogiOS2App.swift */,
				340469B12B56E3D400B63E00 /* ContentView.swift */,
				340469B32B56E3D400B63E00 /* Assets.xcassets */,
				340469B82B56E3D400B63E00 /* Persistence.swift */,
				340469BA2B56E3D400B63E00 /* BackBlogiOS2.xcdatamodeld */,
				340469B52B56E3D400B63E00 /* Preview Content */,
			);
			path = BackBlogiOS2;
			sourceTree = "<group>";
		};
		340469B52B56E3D400B63E00 /* Preview Content */ = {
			isa = PBXGroup;
			children = (
				340469B62B56E3D400B63E00 /* Preview Assets.xcassets */,
			);
			path = "Preview Content";
			sourceTree = "<group>";
		};
/* End PBXGroup section */

/* Begin PBXNativeTarget section */
		340469AB2B56E3D400B63E00 /* BackBlogiOS2 */ = {
			isa = PBXNativeTarget;
			buildConfigurationList = 340469BF2B56E3D400B63E00 /* Build configuration list for PBXNativeTarget "BackBlogiOS2" */;
			buildPhases = (
				340469A82B56E3D400B63E00 /* Sources */,
				340469A92B56E3D400B63E00 /* Frameworks */,
				340469AA2B56E3D400B63E00 /* Resources */,
			);
			buildRules = (
			);
			dependencies = (
			);
			name = BackBlogiOS2;
			productName = BackBlogiOS2;
			productReference = 340469AC2B56E3D400B63E00 /* BackBlogiOS2.app */;
			productType = "com.apple.product-type.application";
		};
/* End PBXNativeTarget section */

/* Begin PBXProject section */
		340469A42B56E3D400B63E00 /* Project object */ = {
			isa = PBXProject;
			attributes = {
				BuildIndependentTargetsInParallel = 1;
				LastSwiftUpdateCheck = 1510;
				LastUpgradeCheck = 1510;
				TargetAttributes = {
					340469AB2B56E3D400B63E00 = {
						CreatedOnToolsVersion = 15.1;
					};
				};
			};
			buildConfigurationList = 340469A72B56E3D400B63E00 /* Build configuration list for PBXProject "BackBlogiOS2" */;
			compatibilityVersion = "Xcode 14.0";
			developmentRegion = en;
			hasScannedForEncodings = 0;
			knownRegions = (
				en,
				Base,
			);
			mainGroup = 340469A32B56E3D400B63E00;
			productRefGroup = 340469AD2B56E3D400B63E00 /* Products */;
			projectDirPath = "";
			projectRoot = "";
			targets = (
				340469AB2B56E3D400B63E00 /* BackBlogiOS2 */,
			);
		};
/* End PBXProject section */

/* Begin PBXResourcesBuildPhase section */
		340469AA2B56E3D400B63E00 /* Resources */ = {
			isa = PBXResourcesBuildPhase;
			buildActionMask = 2147483647;
			files = (
				340469B72B56E3D400B63E00 /* Preview Assets.xcassets in Resources */,
				340469B42B56E3D400B63E00 /* Assets.xcassets in Resources */,
			);
			runOnlyForDeploymentPostprocessing = 0;
		};
/* End PBXResourcesBuildPhase section */

/* Begin PBXSourcesBuildPhase section */
		340469A82B56E3D400B63E00 /* Sources */ = {
			isa = PBXSourcesBuildPhase;
			buildActionMask = 2147483647;
			files = (
				340469B92B56E3D400B63E00 /* Persistence.swift in Sources */,
				340469B22B56E3D400B63E00 /* ContentView.swift in Sources */,
				34DC2BA82B57025E00C4B5B7 /* ExtensionUtility.swift in Sources */,
				340469B02B56E3D400B63E00 /* BackBlogiOS2App.swift in Sources */,
				340469BC2B56E3D400B63E00 /* BackBlogiOS2.xcdatamodeld in Sources */,
			);
			runOnlyForDeploymentPostprocessing = 0;
		};
/* End PBXSourcesBuildPhase section */

/* Begin XCBuildConfiguration section */
		340469BD2B56E3D400B63E00 /* Debug */ = {
			isa = XCBuildConfiguration;
			buildSettings = {
				ALWAYS_SEARCH_USER_PATHS = NO;
				ASSETCATALOG_COMPILER_GENERATE_SWIFT_ASSET_SYMBOL_EXTENSIONS = YES;
				CLANG_ANALYZER_NONNULL = YES;
				CLANG_ANALYZER_NUMBER_OBJECT_CONVERSION = YES_AGGRESSIVE;
				CLANG_CXX_LANGUAGE_STANDARD = "gnu++20";
				CLANG_ENABLE_MODULES = YES;
				CLANG_ENABLE_OBJC_ARC = YES;
				CLANG_ENABLE_OBJC_WEAK = YES;
				CLANG_WARN_BLOCK_CAPTURE_AUTORELEASING = YES;
				CLANG_WARN_BOOL_CONVERSION = YES;
				CLANG_WARN_COMMA = YES;
				CLANG_WARN_CONSTANT_CONVERSION = YES;
				CLANG_WARN_DEPRECATED_OBJC_IMPLEMENTATIONS = YES;
				CLANG_WARN_DIRECT_OBJC_ISA_USAGE = YES_ERROR;
				CLANG_WARN_DOCUMENTATION_COMMENTS = YES;
				CLANG_WARN_EMPTY_BODY = YES;
				CLANG_WARN_ENUM_CONVERSION = YES;
				CLANG_WARN_INFINITE_RECURSION = YES;
				CLANG_WARN_INT_CONVERSION = YES;
				CLANG_WARN_NON_LITERAL_NULL_CONVERSION = YES;
				CLANG_WARN_OBJC_IMPLICIT_RETAIN_SELF = YES;
				CLANG_WARN_OBJC_LITERAL_CONVERSION = YES;
				CLANG_WARN_OBJC_ROOT_CLASS = YES_ERROR;
				CLANG_WARN_QUOTED_INCLUDE_IN_FRAMEWORK_HEADER = YES;
				CLANG_WARN_RANGE_LOOP_ANALYSIS = YES;
				CLANG_WARN_STRICT_PROTOTYPES = YES;
				CLANG_WARN_SUSPICIOUS_MOVE = YES;
				CLANG_WARN_UNGUARDED_AVAILABILITY = YES_AGGRESSIVE;
				CLANG_WARN_UNREACHABLE_CODE = YES;
				CLANG_WARN__DUPLICATE_METHOD_MATCH = YES;
				COPY_PHASE_STRIP = NO;
				DEBUG_INFORMATION_FORMAT = dwarf;
				ENABLE_STRICT_OBJC_MSGSEND = YES;
				ENABLE_TESTABILITY = YES;
				ENABLE_USER_SCRIPT_SANDBOXING = YES;
				GCC_C_LANGUAGE_STANDARD = gnu17;
				GCC_DYNAMIC_NO_PIC = NO;
				GCC_NO_COMMON_BLOCKS = YES;
				GCC_OPTIMIZATION_LEVEL = 0;
				GCC_PREPROCESSOR_DEFINITIONS = (
					"DEBUG=1",
					"$(inherited)",
				);
				GCC_WARN_64_TO_32_BIT_CONVERSION = YES;
				GCC_WARN_ABOUT_RETURN_TYPE = YES_ERROR;
				GCC_WARN_UNDECLARED_SELECTOR = YES;
				GCC_WARN_UNINITIALIZED_AUTOS = YES_AGGRESSIVE;
				GCC_WARN_UNUSED_FUNCTION = YES;
				GCC_WARN_UNUSED_VARIABLE = YES;
				IPHONEOS_DEPLOYMENT_TARGET = 17.2;
				LOCALIZATION_PREFERS_STRING_CATALOGS = YES;
				MTL_ENABLE_DEBUG_INFO = INCLUDE_SOURCE;
				MTL_FAST_MATH = YES;
				ONLY_ACTIVE_ARCH = YES;
				SDKROOT = iphoneos;
				SWIFT_ACTIVE_COMPILATION_CONDITIONS = "DEBUG $(inherited)";
				SWIFT_OPTIMIZATION_LEVEL = "-Onone";
			};
			name = Debug;
		};
		340469BE2B56E3D400B63E00 /* Release */ = {
			isa = XCBuildConfiguration;
			buildSettings = {
				ALWAYS_SEARCH_USER_PATHS = NO;
				ASSETCATALOG_COMPILER_GENERATE_SWIFT_ASSET_SYMBOL_EXTENSIONS = YES;
				CLANG_ANALYZER_NONNULL = YES;
				CLANG_ANALYZER_NUMBER_OBJECT_CONVERSION = YES_AGGRESSIVE;
				CLANG_CXX_LANGUAGE_STANDARD = "gnu++20";
				CLANG_ENABLE_MODULES = YES;
				CLANG_ENABLE_OBJC_ARC = YES;
				CLANG_ENABLE_OBJC_WEAK = YES;
				CLANG_WARN_BLOCK_CAPTURE_AUTORELEASING = YES;
				CLANG_WARN_BOOL_CONVERSION = YES;
				CLANG_WARN_COMMA = YES;
				CLANG_WARN_CONSTANT_CONVERSION = YES;
				CLANG_WARN_DEPRECATED_OBJC_IMPLEMENTATIONS = YES;
				CLANG_WARN_DIRECT_OBJC_ISA_USAGE = YES_ERROR;
				CLANG_WARN_DOCUMENTATION_COMMENTS = YES;
				CLANG_WARN_EMPTY_BODY = YES;
				CLANG_WARN_ENUM_CONVERSION = YES;
				CLANG_WARN_INFINITE_RECURSION = YES;
				CLANG_WARN_INT_CONVERSION = YES;
				CLANG_WARN_NON_LITERAL_NULL_CONVERSION = YES;
				CLANG_WARN_OBJC_IMPLICIT_RETAIN_SELF = YES;
				CLANG_WARN_OBJC_LITERAL_CONVERSION = YES;
				CLANG_WARN_OBJC_ROOT_CLASS = YES_ERROR;
				CLANG_WARN_QUOTED_INCLUDE_IN_FRAMEWORK_HEADER = YES;
				CLANG_WARN_RANGE_LOOP_ANALYSIS = YES;
				CLANG_WARN_STRICT_PROTOTYPES = YES;
				CLANG_WARN_SUSPICIOUS_MOVE = YES;
				CLANG_WARN_UNGUARDED_AVAILABILITY = YES_AGGRESSIVE;
				CLANG_WARN_UNREACHABLE_CODE = YES;
				CLANG_WARN__DUPLICATE_METHOD_MATCH = YES;
				COPY_PHASE_STRIP = NO;
				DEBUG_INFORMATION_FORMAT = "dwarf-with-dsym";
				ENABLE_NS_ASSERTIONS = NO;
				ENABLE_STRICT_OBJC_MSGSEND = YES;
				ENABLE_USER_SCRIPT_SANDBOXING = YES;
				GCC_C_LANGUAGE_STANDARD = gnu17;
				GCC_NO_COMMON_BLOCKS = YES;
				GCC_WARN_64_TO_32_BIT_CONVERSION = YES;
				GCC_WARN_ABOUT_RETURN_TYPE = YES_ERROR;
				GCC_WARN_UNDECLARED_SELECTOR = YES;
				GCC_WARN_UNINITIALIZED_AUTOS = YES_AGGRESSIVE;
				GCC_WARN_UNUSED_FUNCTION = YES;
				GCC_WARN_UNUSED_VARIABLE = YES;
				IPHONEOS_DEPLOYMENT_TARGET = 17.2;
				LOCALIZATION_PREFERS_STRING_CATALOGS = YES;
				MTL_ENABLE_DEBUG_INFO = NO;
				MTL_FAST_MATH = YES;
				SDKROOT = iphoneos;
				SWIFT_COMPILATION_MODE = wholemodule;
				VALIDATE_PRODUCT = YES;
			};
			name = Release;
		};
		340469C02B56E3D400B63E00 /* Debug */ = {
			isa = XCBuildConfiguration;
			buildSettings = {
				ASSETCATALOG_COMPILER_APPICON_NAME = AppIcon;
				ASSETCATALOG_COMPILER_GLOBAL_ACCENT_COLOR_NAME = AccentColor;
				CODE_SIGN_STYLE = Automatic;
				CURRENT_PROJECT_VERSION = 1;
				DEVELOPMENT_ASSET_PATHS = "\"BackBlogiOS2/Preview Content\"";
				DEVELOPMENT_TEAM = 66UZZ32TWM;
				ENABLE_PREVIEWS = YES;
				GENERATE_INFOPLIST_FILE = YES;
				INFOPLIST_KEY_UIApplicationSceneManifest_Generation = YES;
				INFOPLIST_KEY_UIApplicationSupportsIndirectInputEvents = YES;
				INFOPLIST_KEY_UILaunchScreen_Generation = YES;
				INFOPLIST_KEY_UISupportedInterfaceOrientations_iPad = "UIInterfaceOrientationPortrait UIInterfaceOrientationPortraitUpsideDown UIInterfaceOrientationLandscapeLeft UIInterfaceOrientationLandscapeRight";
				INFOPLIST_KEY_UISupportedInterfaceOrientations_iPhone = "UIInterfaceOrientationPortrait UIInterfaceOrientationLandscapeLeft UIInterfaceOrientationLandscapeRight";
				LD_RUNPATH_SEARCH_PATHS = (
					"$(inherited)",
					"@executable_path/Frameworks",
				);
				MARKETING_VERSION = 1.0;
				PRODUCT_BUNDLE_IDENTIFIER = com.TABKA.BackBlogiOS2;
				PRODUCT_NAME = "$(TARGET_NAME)";
				SWIFT_EMIT_LOC_STRINGS = YES;
				SWIFT_VERSION = 5.0;
				TARGETED_DEVICE_FAMILY = "1,2";
			};
			name = Debug;
		};
		340469C12B56E3D400B63E00 /* Release */ = {
			isa = XCBuildConfiguration;
			buildSettings = {
				ASSETCATALOG_COMPILER_APPICON_NAME = AppIcon;
				ASSETCATALOG_COMPILER_GLOBAL_ACCENT_COLOR_NAME = AccentColor;
				CODE_SIGN_STYLE = Automatic;
				CURRENT_PROJECT_VERSION = 1;
				DEVELOPMENT_ASSET_PATHS = "\"BackBlogiOS2/Preview Content\"";
				DEVELOPMENT_TEAM = 66UZZ32TWM;
				ENABLE_PREVIEWS = YES;
				GENERATE_INFOPLIST_FILE = YES;
				INFOPLIST_KEY_UIApplicationSceneManifest_Generation = YES;
				INFOPLIST_KEY_UIApplicationSupportsIndirectInputEvents = YES;
				INFOPLIST_KEY_UILaunchScreen_Generation = YES;
				INFOPLIST_KEY_UISupportedInterfaceOrientations_iPad = "UIInterfaceOrientationPortrait UIInterfaceOrientationPortraitUpsideDown UIInterfaceOrientationLandscapeLeft UIInterfaceOrientationLandscapeRight";
				INFOPLIST_KEY_UISupportedInterfaceOrientations_iPhone = "UIInterfaceOrientationPortrait UIInterfaceOrientationLandscapeLeft UIInterfaceOrientationLandscapeRight";
				LD_RUNPATH_SEARCH_PATHS = (
					"$(inherited)",
					"@executable_path/Frameworks",
				);
				MARKETING_VERSION = 1.0;
				PRODUCT_BUNDLE_IDENTIFIER = com.TABKA.BackBlogiOS2;
				PRODUCT_NAME = "$(TARGET_NAME)";
				SWIFT_EMIT_LOC_STRINGS = YES;
				SWIFT_VERSION = 5.0;
				TARGETED_DEVICE_FAMILY = "1,2";
			};
			name = Release;
		};
/* End XCBuildConfiguration section */

/* Begin XCConfigurationList section */
		340469A72B56E3D400B63E00 /* Build configuration list for PBXProject "BackBlogiOS2" */ = {
			isa = XCConfigurationList;
			buildConfigurations = (
				340469BD2B56E3D400B63E00 /* Debug */,
				340469BE2B56E3D400B63E00 /* Release */,
			);
			defaultConfigurationIsVisible = 0;
			defaultConfigurationName = Release;
		};
		340469BF2B56E3D400B63E00 /* Build configuration list for PBXNativeTarget "BackBlogiOS2" */ = {
			isa = XCConfigurationList;
			buildConfigurations = (
				340469C02B56E3D400B63E00 /* Debug */,
				340469C12B56E3D400B63E00 /* Release */,
			);
			defaultConfigurationIsVisible = 0;
			defaultConfigurationName = Release;
		};
/* End XCConfigurationList section */

/* Begin XCVersionGroup section */
		340469BA2B56E3D400B63E00 /* BackBlogiOS2.xcdatamodeld */ = {
			isa = XCVersionGroup;
			children = (
				340469BB2B56E3D400B63E00 /* BackBlogiOS2.xcdatamodel */,
			);
			currentVersion = 340469BB2B56E3D400B63E00 /* BackBlogiOS2.xcdatamodel */;
			path = BackBlogiOS2.xcdatamodeld;
			sourceTree = "<group>";
			versionGroupType = wrapper.xcdatamodel;
		};
/* End XCVersionGroup section */
	};
	rootObject = 340469A42B56E3D400B63E00 /* Project object */;
}
